// !$*UTF8*$!
{
	archiveVersion = 1;
	classes = {
	};
	objectVersion = 48;
	objects = {

/* Begin PBXBuildFile section */
		222AE6B81FEA04B90036350C /* AppDelegate.m in Sources */ = {isa = PBXBuildFile; fileRef = 222AE6B71FEA04B90036350C /* AppDelegate.m */; };
		222AE6BB1FEA04B90036350C /* ViewController.m in Sources */ = {isa = PBXBuildFile; fileRef = 222AE6BA1FEA04B90036350C /* ViewController.m */; };
		222AE6BE1FEA04B90036350C /* Main.storyboard in Resources */ = {isa = PBXBuildFile; fileRef = 222AE6BC1FEA04B90036350C /* Main.storyboard */; };
		222AE6C01FEA04B90036350C /* Assets.xcassets in Resources */ = {isa = PBXBuildFile; fileRef = 222AE6BF1FEA04B90036350C /* Assets.xcassets */; };
		222AE6C31FEA04B90036350C /* LaunchScreen.storyboard in Resources */ = {isa = PBXBuildFile; fileRef = 222AE6C11FEA04B90036350C /* LaunchScreen.storyboard */; };
		222AE6C61FEA04B90036350C /* main.m in Sources */ = {isa = PBXBuildFile; fileRef = 222AE6C51FEA04B90036350C /* main.m */; };
		222AE6D01FEA04B90036350C /* FirstProjTests.m in Sources */ = {isa = PBXBuildFile; fileRef = 222AE6CF1FEA04B90036350C /* FirstProjTests.m */; };
		222AE6DB1FEA04B90036350C /* FirstProjUITests.m in Sources */ = {isa = PBXBuildFile; fileRef = 222AE6DA1FEA04B90036350C /* FirstProjUITests.m */; };
		222AE7031FEA05F10036350C /* GoogleSignIn.bundle in Resources */ = {isa = PBXBuildFile; fileRef = 222AE7001FEA05E40036350C /* GoogleSignIn.bundle */; };
		222AE7041FEA05F30036350C /* GoogleSignIn.framework in Frameworks */ = {isa = PBXBuildFile; fileRef = 222AE7011FEA05E50036350C /* GoogleSignIn.framework */; };
		222AE7051FEA05F50036350C /* GoogleSignInDependencies.framework in Frameworks */ = {isa = PBXBuildFile; fileRef = 222AE7021FEA05E50036350C /* GoogleSignInDependencies.framework */; };
		222AE7081FEA06160036350C /* SafariServices.framework in Frameworks */ = {isa = PBXBuildFile; fileRef = 222AE7071FEA06160036350C /* SafariServices.framework */; };
		222AE70A1FEA061C0036350C /* SystemConfiguration.framework in Frameworks */ = {isa = PBXBuildFile; fileRef = 222AE7091FEA061C0036350C /* SystemConfiguration.framework */; };
/* End PBXBuildFile section */

/* Begin PBXContainerItemProxy section */
		222AE6CC1FEA04B90036350C /* PBXContainerItemProxy */ = {
			isa = PBXContainerItemProxy;
			containerPortal = 222AE6AB1FEA04B90036350C /* Project object */;
			proxyType = 1;
			remoteGlobalIDString = 222AE6B21FEA04B90036350C;
			remoteInfo = FirstProj;
		};
		222AE6D71FEA04B90036350C /* PBXContainerItemProxy */ = {
			isa = PBXContainerItemProxy;
			containerPortal = 222AE6AB1FEA04B90036350C /* Project object */;
			proxyType = 1;
			remoteGlobalIDString = 222AE6B21FEA04B90036350C;
			remoteInfo = FirstProj;
		};
/* End PBXContainerItemProxy section */

/* Begin PBXFileReference section */
		222AE6B31FEA04B90036350C /* FirstProj.app */ = {isa = PBXFileReference; explicitFileType = wrapper.application; includeInIndex = 0; path = FirstProj.app; sourceTree = BUILT_PRODUCTS_DIR; };
		222AE6B61FEA04B90036350C /* AppDelegate.h */ = {isa = PBXFileReference; lastKnownFileType = sourcecode.c.h; path = AppDelegate.h; sourceTree = "<group>"; };
		222AE6B71FEA04B90036350C /* AppDelegate.m */ = {isa = PBXFileReference; lastKnownFileType = sourcecode.c.objc; path = AppDelegate.m; sourceTree = "<group>"; };
		222AE6B91FEA04B90036350C /* ViewController.h */ = {isa = PBXFileReference; lastKnownFileType = sourcecode.c.h; path = ViewController.h; sourceTree = "<group>"; };
		222AE6BA1FEA04B90036350C /* ViewController.m */ = {isa = PBXFileReference; lastKnownFileType = sourcecode.c.objc; path = ViewController.m; sourceTree = "<group>"; };
		222AE6BD1FEA04B90036350C /* Base */ = {isa = PBXFileReference; lastKnownFileType = file.storyboard; name = Base; path = Base.lproj/Main.storyboard; sourceTree = "<group>"; };
		222AE6BF1FEA04B90036350C /* Assets.xcassets */ = {isa = PBXFileReference; lastKnownFileType = folder.assetcatalog; path = Assets.xcassets; sourceTree = "<group>"; };
		222AE6C21FEA04B90036350C /* Base */ = {isa = PBXFileReference; lastKnownFileType = file.storyboard; name = Base; path = Base.lproj/LaunchScreen.storyboard; sourceTree = "<group>"; };
		222AE6C41FEA04B90036350C /* Info.plist */ = {isa = PBXFileReference; lastKnownFileType = text.plist.xml; path = Info.plist; sourceTree = "<group>"; };
		222AE6C51FEA04B90036350C /* main.m */ = {isa = PBXFileReference; lastKnownFileType = sourcecode.c.objc; path = main.m; sourceTree = "<group>"; };
		222AE6CB1FEA04B90036350C /* FirstProjTests.xctest */ = {isa = PBXFileReference; explicitFileType = wrapper.cfbundle; includeInIndex = 0; path = FirstProjTests.xctest; sourceTree = BUILT_PRODUCTS_DIR; };
		222AE6CF1FEA04B90036350C /* FirstProjTests.m */ = {isa = PBXFileReference; lastKnownFileType = sourcecode.c.objc; path = FirstProjTests.m; sourceTree = "<group>"; };
		222AE6D11FEA04B90036350C /* Info.plist */ = {isa = PBXFileReference; lastKnownFileType = text.plist.xml; path = Info.plist; sourceTree = "<group>"; };
		222AE6D61FEA04B90036350C /* FirstProjUITests.xctest */ = {isa = PBXFileReference; explicitFileType = wrapper.cfbundle; includeInIndex = 0; path = FirstProjUITests.xctest; sourceTree = BUILT_PRODUCTS_DIR; };
		222AE6DA1FEA04B90036350C /* FirstProjUITests.m */ = {isa = PBXFileReference; lastKnownFileType = sourcecode.c.objc; path = FirstProjUITests.m; sourceTree = "<group>"; };
		222AE6DC1FEA04B90036350C /* Info.plist */ = {isa = PBXFileReference; lastKnownFileType = text.plist.xml; path = Info.plist; sourceTree = "<group>"; };
		222AE7001FEA05E40036350C /* GoogleSignIn.bundle */ = {isa = PBXFileReference; lastKnownFileType = "wrapper.plug-in"; path = GoogleSignIn.bundle; sourceTree = "<group>"; };
		222AE7011FEA05E50036350C /* GoogleSignIn.framework */ = {isa = PBXFileReference; lastKnownFileType = wrapper.framework; path = GoogleSignIn.framework; sourceTree = "<group>"; };
		222AE7021FEA05E50036350C /* GoogleSignInDependencies.framework */ = {isa = PBXFileReference; lastKnownFileType = wrapper.framework; path = GoogleSignInDependencies.framework; sourceTree = "<group>"; };
		222AE7071FEA06160036350C /* SafariServices.framework */ = {isa = PBXFileReference; lastKnownFileType = wrapper.framework; name = SafariServices.framework; path = System/Library/Frameworks/SafariServices.framework; sourceTree = SDKROOT; };
		222AE7091FEA061C0036350C /* SystemConfiguration.framework */ = {isa = PBXFileReference; lastKnownFileType = wrapper.framework; name = SystemConfiguration.framework; path = System/Library/Frameworks/SystemConfiguration.framework; sourceTree = SDKROOT; };
/* End PBXFileReference section */

/* Begin PBXFrameworksBuildPhase section */
		222AE6B01FEA04B90036350C /* Frameworks */ = {
			isa = PBXFrameworksBuildPhase;
			buildActionMask = 2147483647;
			files = (
				222AE70A1FEA061C0036350C /* SystemConfiguration.framework in Frameworks */,
				222AE7081FEA06160036350C /* SafariServices.framework in Frameworks */,
				222AE7051FEA05F50036350C /* GoogleSignInDependencies.framework in Frameworks */,
				222AE7041FEA05F30036350C /* GoogleSignIn.framework in Frameworks */,
			);
			runOnlyForDeploymentPostprocessing = 0;
		};
		222AE6C81FEA04B90036350C /* Frameworks */ = {
			isa = PBXFrameworksBuildPhase;
			buildActionMask = 2147483647;
			files = (
			);
			runOnlyForDeploymentPostprocessing = 0;
		};
		222AE6D31FEA04B90036350C /* Frameworks */ = {
			isa = PBXFrameworksBuildPhase;
			buildActionMask = 2147483647;
			files = (
			);
			runOnlyForDeploymentPostprocessing = 0;
		};
/* End PBXFrameworksBuildPhase section */

/* Begin PBXGroup section */
		222AE6AA1FEA04B90036350C = {
			isa = PBXGroup;
			children = (
				222AE6B51FEA04B90036350C /* FirstProj */,
				222AE6CE1FEA04B90036350C /* FirstProjTests */,
				222AE6D91FEA04B90036350C /* FirstProjUITests */,
				222AE6B41FEA04B90036350C /* Products */,
				222AE7061FEA06160036350C /* Frameworks */,
			);
			sourceTree = "<group>";
		};
		222AE6B41FEA04B90036350C /* Products */ = {
			isa = PBXGroup;
			children = (
				222AE6B31FEA04B90036350C /* FirstProj.app */,
				222AE6CB1FEA04B90036350C /* FirstProjTests.xctest */,
				222AE6D61FEA04B90036350C /* FirstProjUITests.xctest */,
			);
			name = Products;
			sourceTree = "<group>";
		};
		222AE6B51FEA04B90036350C /* FirstProj */ = {
			isa = PBXGroup;
			children = (
				222AE6FF1FEA05DB0036350C /* Libs */,
				222AE6B61FEA04B90036350C /* AppDelegate.h */,
				222AE6B71FEA04B90036350C /* AppDelegate.m */,
				222AE6B91FEA04B90036350C /* ViewController.h */,
				222AE6BA1FEA04B90036350C /* ViewController.m */,
				222AE6BC1FEA04B90036350C /* Main.storyboard */,
				222AE6BF1FEA04B90036350C /* Assets.xcassets */,
				222AE6C11FEA04B90036350C /* LaunchScreen.storyboard */,
				222AE6C41FEA04B90036350C /* Info.plist */,
				222AE6C51FEA04B90036350C /* main.m */,
			);
			path = FirstProj;
			sourceTree = "<group>";
		};
		222AE6CE1FEA04B90036350C /* FirstProjTests */ = {
			isa = PBXGroup;
			children = (
				222AE6CF1FEA04B90036350C /* FirstProjTests.m */,
				222AE6D11FEA04B90036350C /* Info.plist */,
			);
			path = FirstProjTests;
			sourceTree = "<group>";
		};
		222AE6D91FEA04B90036350C /* FirstProjUITests */ = {
			isa = PBXGroup;
			children = (
				222AE6DA1FEA04B90036350C /* FirstProjUITests.m */,
				222AE6DC1FEA04B90036350C /* Info.plist */,
			);
			path = FirstProjUITests;
			sourceTree = "<group>";
		};
		222AE6FF1FEA05DB0036350C /* Libs */ = {
			isa = PBXGroup;
			children = (
				222AE7001FEA05E40036350C /* GoogleSignIn.bundle */,
				222AE7011FEA05E50036350C /* GoogleSignIn.framework */,
				222AE7021FEA05E50036350C /* GoogleSignInDependencies.framework */,
			);
			path = Libs;
			sourceTree = "<group>";
		};
		222AE7061FEA06160036350C /* Frameworks */ = {
			isa = PBXGroup;
			children = (
				222AE7091FEA061C0036350C /* SystemConfiguration.framework */,
				222AE7071FEA06160036350C /* SafariServices.framework */,
			);
			name = Frameworks;
			sourceTree = "<group>";
		};
/* End PBXGroup section */

/* Begin PBXNativeTarget section */
		222AE6B21FEA04B90036350C /* FirstProj */ = {
			isa = PBXNativeTarget;
			buildConfigurationList = 222AE6DF1FEA04B90036350C /* Build configuration list for PBXNativeTarget "FirstProj" */;
			buildPhases = (
				222AE6AF1FEA04B90036350C /* Sources */,
				222AE6B01FEA04B90036350C /* Frameworks */,
				222AE6B11FEA04B90036350C /* Resources */,
			);
			buildRules = (
			);
			dependencies = (
			);
			name = FirstProj;
			productName = FirstProj;
			productReference = 222AE6B31FEA04B90036350C /* FirstProj.app */;
			productType = "com.apple.product-type.application";
		};
		222AE6CA1FEA04B90036350C /* FirstProjTests */ = {
			isa = PBXNativeTarget;
			buildConfigurationList = 222AE6E21FEA04B90036350C /* Build configuration list for PBXNativeTarget "FirstProjTests" */;
			buildPhases = (
				222AE6C71FEA04B90036350C /* Sources */,
				222AE6C81FEA04B90036350C /* Frameworks */,
				222AE6C91FEA04B90036350C /* Resources */,
			);
			buildRules = (
			);
			dependencies = (
				222AE6CD1FEA04B90036350C /* PBXTargetDependency */,
			);
			name = FirstProjTests;
			productName = FirstProjTests;
			productReference = 222AE6CB1FEA04B90036350C /* FirstProjTests.xctest */;
			productType = "com.apple.product-type.bundle.unit-test";
		};
		222AE6D51FEA04B90036350C /* FirstProjUITests */ = {
			isa = PBXNativeTarget;
			buildConfigurationList = 222AE6E51FEA04B90036350C /* Build configuration list for PBXNativeTarget "FirstProjUITests" */;
			buildPhases = (
				222AE6D21FEA04B90036350C /* Sources */,
				222AE6D31FEA04B90036350C /* Frameworks */,
				222AE6D41FEA04B90036350C /* Resources */,
			);
			buildRules = (
			);
			dependencies = (
				222AE6D81FEA04B90036350C /* PBXTargetDependency */,
			);
			name = FirstProjUITests;
			productName = FirstProjUITests;
			productReference = 222AE6D61FEA04B90036350C /* FirstProjUITests.xctest */;
			productType = "com.apple.product-type.bundle.ui-testing";
		};
/* End PBXNativeTarget section */

/* Begin PBXProject section */
		222AE6AB1FEA04B90036350C /* Project object */ = {
			isa = PBXProject;
			attributes = {
				LastUpgradeCheck = 0900;
				ORGANIZATIONNAME = "Up & Up";
				TargetAttributes = {
					222AE6B21FEA04B90036350C = {
						CreatedOnToolsVersion = 9.0;
						ProvisioningStyle = Automatic;
					};
					222AE6CA1FEA04B90036350C = {
						CreatedOnToolsVersion = 9.0;
						ProvisioningStyle = Automatic;
						TestTargetID = 222AE6B21FEA04B90036350C;
					};
					222AE6D51FEA04B90036350C = {
						CreatedOnToolsVersion = 9.0;
						ProvisioningStyle = Automatic;
						TestTargetID = 222AE6B21FEA04B90036350C;
					};
				};
			};
			buildConfigurationList = 222AE6AE1FEA04B90036350C /* Build configuration list for PBXProject "FirstProj" */;
			compatibilityVersion = "Xcode 8.0";
			developmentRegion = en;
			hasScannedForEncodings = 0;
			knownRegions = (
				en,
				Base,
			);
			mainGroup = 222AE6AA1FEA04B90036350C;
			productRefGroup = 222AE6B41FEA04B90036350C /* Products */;
			projectDirPath = "";
			projectRoot = "";
			targets = (
				222AE6B21FEA04B90036350C /* FirstProj */,
				222AE6CA1FEA04B90036350C /* FirstProjTests */,
				222AE6D51FEA04B90036350C /* FirstProjUITests */,
			);
		};
/* End PBXProject section */

/* Begin PBXResourcesBuildPhase section */
		222AE6B11FEA04B90036350C /* Resources */ = {
			isa = PBXResourcesBuildPhase;
			buildActionMask = 2147483647;
			files = (
				222AE7031FEA05F10036350C /* GoogleSignIn.bundle in Resources */,
				222AE6C31FEA04B90036350C /* LaunchScreen.storyboard in Resources */,
				222AE6C01FEA04B90036350C /* Assets.xcassets in Resources */,
				222AE6BE1FEA04B90036350C /* Main.storyboard in Resources */,
			);
			runOnlyForDeploymentPostprocessing = 0;
		};
		222AE6C91FEA04B90036350C /* Resources */ = {
			isa = PBXResourcesBuildPhase;
			buildActionMask = 2147483647;
			files = (
			);
			runOnlyForDeploymentPostprocessing = 0;
		};
		222AE6D41FEA04B90036350C /* Resources */ = {
			isa = PBXResourcesBuildPhase;
			buildActionMask = 2147483647;
			files = (
			);
			runOnlyForDeploymentPostprocessing = 0;
		};
/* End PBXResourcesBuildPhase section */

/* Begin PBXSourcesBuildPhase section */
		222AE6AF1FEA04B90036350C /* Sources */ = {
			isa = PBXSourcesBuildPhase;
			buildActionMask = 2147483647;
			files = (
				222AE6BB1FEA04B90036350C /* ViewController.m in Sources */,
				222AE6C61FEA04B90036350C /* main.m in Sources */,
				222AE6B81FEA04B90036350C /* AppDelegate.m in Sources */,
			);
			runOnlyForDeploymentPostprocessing = 0;
		};
		222AE6C71FEA04B90036350C /* Sources */ = {
			isa = PBXSourcesBuildPhase;
			buildActionMask = 2147483647;
			files = (
				222AE6D01FEA04B90036350C /* FirstProjTests.m in Sources */,
			);
			runOnlyForDeploymentPostprocessing = 0;
		};
		222AE6D21FEA04B90036350C /* Sources */ = {
			isa = PBXSourcesBuildPhase;
			buildActionMask = 2147483647;
			files = (
				222AE6DB1FEA04B90036350C /* FirstProjUITests.m in Sources */,
			);
			runOnlyForDeploymentPostprocessing = 0;
		};
/* End PBXSourcesBuildPhase section */

/* Begin PBXTargetDependency section */
		222AE6CD1FEA04B90036350C /* PBXTargetDependency */ = {
			isa = PBXTargetDependency;
			target = 222AE6B21FEA04B90036350C /* FirstProj */;
			targetProxy = 222AE6CC1FEA04B90036350C /* PBXContainerItemProxy */;
		};
		222AE6D81FEA04B90036350C /* PBXTargetDependency */ = {
			isa = PBXTargetDependency;
			target = 222AE6B21FEA04B90036350C /* FirstProj */;
			targetProxy = 222AE6D71FEA04B90036350C /* PBXContainerItemProxy */;
		};
/* End PBXTargetDependency section */

/* Begin PBXVariantGroup section */
		222AE6BC1FEA04B90036350C /* Main.storyboard */ = {
			isa = PBXVariantGroup;
			children = (
				222AE6BD1FEA04B90036350C /* Base */,
			);
			name = Main.storyboard;
			sourceTree = "<group>";
		};
		222AE6C11FEA04B90036350C /* LaunchScreen.storyboard */ = {
			isa = PBXVariantGroup;
			children = (
				222AE6C21FEA04B90036350C /* Base */,
			);
			name = LaunchScreen.storyboard;
			sourceTree = "<group>";
		};
/* End PBXVariantGroup section */

/* Begin XCBuildConfiguration section */
		222AE6DD1FEA04B90036350C /* Debug */ = {
			isa = XCBuildConfiguration;
			buildSettings = {
				ALWAYS_SEARCH_USER_PATHS = NO;
				CLANG_ANALYZER_NONNULL = YES;
				CLANG_ANALYZER_NUMBER_OBJECT_CONVERSION = YES_AGGRESSIVE;
				CLANG_CXX_LANGUAGE_STANDARD = "gnu++14";
				CLANG_CXX_LIBRARY = "libc++";
				CLANG_ENABLE_MODULES = YES;
				CLANG_ENABLE_OBJC_ARC = YES;
				CLANG_WARN_BLOCK_CAPTURE_AUTORELEASING = YES;
				CLANG_WARN_BOOL_CONVERSION = YES;
				CLANG_WARN_COMMA = YES;
				CLANG_WARN_CONSTANT_CONVERSION = YES;
				CLANG_WARN_DIRECT_OBJC_ISA_USAGE = YES_ERROR;
				CLANG_WARN_DOCUMENTATION_COMMENTS = YES;
				CLANG_WARN_EMPTY_BODY = YES;
				CLANG_WARN_ENUM_CONVERSION = YES;
				CLANG_WARN_INFINITE_RECURSION = YES;
				CLANG_WARN_INT_CONVERSION = YES;
				CLANG_WARN_NON_LITERAL_NULL_CONVERSION = YES;
				CLANG_WARN_OBJC_LITERAL_CONVERSION = YES;
				CLANG_WARN_OBJC_ROOT_CLASS = YES_ERROR;
				CLANG_WARN_RANGE_LOOP_ANALYSIS = YES;
				CLANG_WARN_STRICT_PROTOTYPES = YES;
				CLANG_WARN_SUSPICIOUS_MOVE = YES;
				CLANG_WARN_UNGUARDED_AVAILABILITY = YES_AGGRESSIVE;
				CLANG_WARN_UNREACHABLE_CODE = YES;
				CLANG_WARN__DUPLICATE_METHOD_MATCH = YES;
				CODE_SIGN_IDENTITY = "iPhone Developer";
				COPY_PHASE_STRIP = NO;
				DEBUG_INFORMATION_FORMAT = dwarf;
				ENABLE_STRICT_OBJC_MSGSEND = YES;
				ENABLE_TESTABILITY = YES;
				GCC_C_LANGUAGE_STANDARD = gnu11;
				GCC_DYNAMIC_NO_PIC = NO;
				GCC_NO_COMMON_BLOCKS = YES;
				GCC_OPTIMIZATION_LEVEL = 0;
				GCC_PREPROCESSOR_DEFINITIONS = (
					"DEBUG=1",
					"$(inherited)",
				);
				GCC_WARN_64_TO_32_BIT_CONVERSION = YES;
				GCC_WARN_ABOUT_RETURN_TYPE = YES_ERROR;
				GCC_WARN_UNDECLARED_SELECTOR = YES;
				GCC_WARN_UNINITIALIZED_AUTOS = YES_AGGRESSIVE;
				GCC_WARN_UNUSED_FUNCTION = YES;
				GCC_WARN_UNUSED_VARIABLE = YES;
				IPHONEOS_DEPLOYMENT_TARGET = 11.0;
				MTL_ENABLE_DEBUG_INFO = YES;
				ONLY_ACTIVE_ARCH = YES;
				SDKROOT = iphoneos;
			};
			name = Debug;
		};
		222AE6DE1FEA04B90036350C /* Release */ = {
			isa = XCBuildConfiguration;
			buildSettings = {
				ALWAYS_SEARCH_USER_PATHS = NO;
				CLANG_ANALYZER_NONNULL = YES;
				CLANG_ANALYZER_NUMBER_OBJECT_CONVERSION = YES_AGGRESSIVE;
				CLANG_CXX_LANGUAGE_STANDARD = "gnu++14";
				CLANG_CXX_LIBRARY = "libc++";
				CLANG_ENABLE_MODULES = YES;
				CLANG_ENABLE_OBJC_ARC = YES;
				CLANG_WARN_BLOCK_CAPTURE_AUTORELEASING = YES;
				CLANG_WARN_BOOL_CONVERSION = YES;
				CLANG_WARN_COMMA = YES;
				CLANG_WARN_CONSTANT_CONVERSION = YES;
				CLANG_WARN_DIRECT_OBJC_ISA_USAGE = YES_ERROR;
				CLANG_WARN_DOCUMENTATION_COMMENTS = YES;
				CLANG_WARN_EMPTY_BODY = YES;
				CLANG_WARN_ENUM_CONVERSION = YES;
				CLANG_WARN_INFINITE_RECURSION = YES;
				CLANG_WARN_INT_CONVERSION = YES;
				CLANG_WARN_NON_LITERAL_NULL_CONVERSION = YES;
				CLANG_WARN_OBJC_LITERAL_CONVERSION = YES;
				CLANG_WARN_OBJC_ROOT_CLASS = YES_ERROR;
				CLANG_WARN_RANGE_LOOP_ANALYSIS = YES;
				CLANG_WARN_STRICT_PROTOTYPES = YES;
				CLANG_WARN_SUSPICIOUS_MOVE = YES;
				CLANG_WARN_UNGUARDED_AVAILABILITY = YES_AGGRESSIVE;
				CLANG_WARN_UNREACHABLE_CODE = YES;
				CLANG_WARN__DUPLICATE_METHOD_MATCH = YES;
				CODE_SIGN_IDENTITY = "iPhone Developer";
				COPY_PHASE_STRIP = NO;
				DEBUG_INFORMATION_FORMAT = "dwarf-with-dsym";
				ENABLE_NS_ASSERTIONS = NO;
				ENABLE_STRICT_OBJC_MSGSEND = YES;
				GCC_C_LANGUAGE_STANDARD = gnu11;
				GCC_NO_COMMON_BLOCKS = YES;
				GCC_WARN_64_TO_32_BIT_CONVERSION = YES;
				GCC_WARN_ABOUT_RETURN_TYPE = YES_ERROR;
				GCC_WARN_UNDECLARED_SELECTOR = YES;
				GCC_WARN_UNINITIALIZED_AUTOS = YES_AGGRESSIVE;
				GCC_WARN_UNUSED_FUNCTION = YES;
				GCC_WARN_UNUSED_VARIABLE = YES;
				IPHONEOS_DEPLOYMENT_TARGET = 11.0;
				MTL_ENABLE_DEBUG_INFO = NO;
				SDKROOT = iphoneos;
				VALIDATE_PRODUCT = YES;
			};
			name = Release;
		};
		222AE6E01FEA04B90036350C /* Debug */ = {
			isa = XCBuildConfiguration;
			buildSettings = {
				ASSETCATALOG_COMPILER_APPICON_NAME = AppIcon;
				CODE_SIGN_STYLE = Automatic;
				FRAMEWORK_SEARCH_PATHS = (
					"$(inherited)",
					"$(PROJECT_DIR)/FirstProj/Libs",
				);
				INFOPLIST_FILE = FirstProj/Info.plist;
				LD_RUNPATH_SEARCH_PATHS = "$(inherited) @executable_path/Frameworks";
				OTHER_LDFLAGS = (
					"$(OTHER_LDFLAGS)",
					"-ObjC",
				);
				PRODUCT_BUNDLE_IDENTIFIER = com.schrottky.FirstProj;
				PRODUCT_NAME = "$(TARGET_NAME)";
				TARGETED_DEVICE_FAMILY = "1,2";
			};
			name = Debug;
		};
		222AE6E11FEA04B90036350C /* Release */ = {
			isa = XCBuildConfiguration;
			buildSettings = {
				ASSETCATALOG_COMPILER_APPICON_NAME = AppIcon;
				CODE_SIGN_STYLE = Automatic;
				FRAMEWORK_SEARCH_PATHS = (
					"$(inherited)",
					"$(PROJECT_DIR)/FirstProj/Libs",
				);
				INFOPLIST_FILE = FirstProj/Info.plist;
				LD_RUNPATH_SEARCH_PATHS = "$(inherited) @executable_path/Frameworks";
				OTHER_LDFLAGS = (
					"$(OTHER_LDFLAGS)",
					"-ObjC",
				);
				PRODUCT_BUNDLE_IDENTIFIER = com.schrottky.FirstProj;
				PRODUCT_NAME = "$(TARGET_NAME)";
				TARGETED_DEVICE_FAMILY = "1,2";
			};
			name = Release;
		};
		222AE6E31FEA04B90036350C /* Debug */ = {
			isa = XCBuildConfiguration;
			buildSettings = {
				BUNDLE_LOADER = "$(TEST_HOST)";
				CODE_SIGN_STYLE = Automatic;
				INFOPLIST_FILE = FirstProjTests/Info.plist;
				LD_RUNPATH_SEARCH_PATHS = "$(inherited) @executable_path/Frameworks @loader_path/Frameworks";
				PRODUCT_BUNDLE_IDENTIFIER = com.schrottky.FirstProjTests;
				PRODUCT_NAME = "$(TARGET_NAME)";
				TARGETED_DEVICE_FAMILY = "1,2";
				TEST_HOST = "$(BUILT_PRODUCTS_DIR)/FirstProj.app/FirstProj";
			};
			name = Debug;
		};
		222AE6E41FEA04B90036350C /* Release */ = {
			isa = XCBuildConfiguration;
			buildSettings = {
				BUNDLE_LOADER = "$(TEST_HOST)";
				CODE_SIGN_STYLE = Automatic;
				INFOPLIST_FILE = FirstProjTests/Info.plist;
				LD_RUNPATH_SEARCH_PATHS = "$(inherited) @executable_path/Frameworks @loader_path/Frameworks";
				PRODUCT_BUNDLE_IDENTIFIER = com.schrottky.FirstProjTests;
				PRODUCT_NAME = "$(TARGET_NAME)";
				TARGETED_DEVICE_FAMILY = "1,2";
				TEST_HOST = "$(BUILT_PRODUCTS_DIR)/FirstProj.app/FirstProj";
			};
			name = Release;
		};
		222AE6E61FEA04B90036350C /* Debug */ = {
			isa = XCBuildConfiguration;
			buildSettings = {
				CODE_SIGN_STYLE = Automatic;
				INFOPLIST_FILE = FirstProjUITests/Info.plist;
				LD_RUNPATH_SEARCH_PATHS = "$(inherited) @executable_path/Frameworks @loader_path/Frameworks";
				PRODUCT_BUNDLE_IDENTIFIER = com.schrottky.FirstProjUITests;
				PRODUCT_NAME = "$(TARGET_NAME)";
				TARGETED_DEVICE_FAMILY = "1,2";
				TEST_TARGET_NAME = FirstProj;
			};
			name = Debug;
		};
		222AE6E71FEA04B90036350C /* Release */ = {
			isa = XCBuildConfiguration;
			buildSettings = {
				CODE_SIGN_STYLE = Automatic;
				INFOPLIST_FILE = FirstProjUITests/Info.plist;
				LD_RUNPATH_SEARCH_PATHS = "$(inherited) @executable_path/Frameworks @loader_path/Frameworks";
				PRODUCT_BUNDLE_IDENTIFIER = com.schrottky.FirstProjUITests;
				PRODUCT_NAME = "$(TARGET_NAME)";
				TARGETED_DEVICE_FAMILY = "1,2";
				TEST_TARGET_NAME = FirstProj;
			};
			name = Release;
		};
/* End XCBuildConfiguration section */

/* Begin XCConfigurationList section */
		222AE6AE1FEA04B90036350C /* Build configuration list for PBXProject "FirstProj" */ = {
			isa = XCConfigurationList;
			buildConfigurations = (
				222AE6DD1FEA04B90036350C /* Debug */,
				222AE6DE1FEA04B90036350C /* Release */,
			);
			defaultConfigurationIsVisible = 0;
			defaultConfigurationName = Release;
		};
		222AE6DF1FEA04B90036350C /* Build configuration list for PBXNativeTarget "FirstProj" */ = {
			isa = XCConfigurationList;
			buildConfigurations = (
				222AE6E01FEA04B90036350C /* Debug */,
				222AE6E11FEA04B90036350C /* Release */,
			);
			defaultConfigurationIsVisible = 0;
			defaultConfigurationName = Release;
		};
		222AE6E21FEA04B90036350C /* Build configuration list for PBXNativeTarget "FirstProjTests" */ = {
			isa = XCConfigurationList;
			buildConfigurations = (
				222AE6E31FEA04B90036350C /* Debug */,
				222AE6E41FEA04B90036350C /* Release */,
			);
			defaultConfigurationIsVisible = 0;
			defaultConfigurationName = Release;
		};
		222AE6E51FEA04B90036350C /* Build configuration list for PBXNativeTarget "FirstProjUITests" */ = {
			isa = XCConfigurationList;
			buildConfigurations = (
				222AE6E61FEA04B90036350C /* Debug */,
				222AE6E71FEA04B90036350C /* Release */,
			);
			defaultConfigurationIsVisible = 0;
			defaultConfigurationName = Release;
		};
/* End XCConfigurationList section */
	};
	rootObject = 222AE6AB1FEA04B90036350C /* Project object */;
}
